description: distributed locks for candidates
settings:
    collection: distlock
    connection: tracks
    database: tracks
indexes:
  - expireAfterSeconds: 60
    key: t
wiki_info: |
    #### distlock
    *Назначение:* Коллекция используется для создания блокировок при запуске переодических задач в candidates,
    чтобы исключить возможность запуска исполнения задачи, если такая же задача находится в процессе исполнения.
    ```
