description: distributed locks
settings:
    collection: distlock
    connection: communications
    database: dbcommunications
indexes:
  - expireAfterSeconds: 60
    key: t
wiki_info: |
    #### distlock
    *Назначение:* Коллекция используется для создания блокировок при запуске переодических задач в communications,
    чтобы исключить возможность запуска исполнения задачи, если такая же задача находится в процессе исполнения.
    ```
