settings:
    collection: lock
    connection: document_templator
    database: document_templator
indexes:
  - expireAfterSeconds: 30
    key: created_at
  - key: key
    unique: true
wiki_info: |
    ### document_templator.lock
    *Назначение:* может содержать только одну запись с key=document_templator_lock
    и если она есть, то значит идет обновление, удаление или создание шаблона, запроса или динамического документа,
    и больше ничего не может изменяться
