default:
    cities: []
    cities_disable: []
    countries: []
    countries_disable: []
    dbs: []
    dbs_disable: []
    enable: false
    dry_run: false
    with_metric: false
description: Настройки запрета выхода на линию, если ТС уже на линии (в рамках одного
    парка, по carID)
tags: []
validators:
  - $dictionary:
        extra_ok: false
        missing_ok: true
        scheme:
            cities:
              - $sequence_of:
                  - $string
            cities_disable:
              - $sequence_of:
                  - $string
            countries:
              - $sequence_of:
                  - $string
            countries_disable:
              - $sequence_of:
                  - $string
            dbs:
              - $sequence_of:
                  - $string
            dbs_disable:
              - $sequence_of:
                  - $string
            enable:
              - $boolean
            dry_run:
              - $boolean
            with_metric:
              - $boolean
