# https://github.yandex-team.ru/edadeal/web.moby/blob/master/yarn.lock

"edadeal-protobuf@https://gitlab.edadeal.yandex-team.ru/frontend/protobuf.git":
  version "0.1.91655"
  uid ae6eb9188af34c8f65a44d6043ceefcaf2d4d895
  resolved "https://gitlab.edadeal.yandex-team.ru/frontend/protobuf.git#ae6eb9188af34c8f65a44d6043ceefcaf2d4d895"
