{
  "name": "testproject",
  "version": "1.0.0",
  "lockfileVersion": 2,
  "requires": true,
  "packages": {
    "": {
      "name": "testproject",
      "version": "1.0.0",
      "license": "ISC",
      "devDependencies": {
        "@yandex-int/tkit": "1.8.0",
        "nopt": "4.0.3",
        "urelease": "2.8.5"
      }
    },
    "node_modules/@sindresorhus/is": {
      "version": "0.14.0",
      "resolved": "https://npm.yandex-team.ru/@sindresorhus%2fis/-/is-0.14.0.tgz?rbtorrent=64447afb2e4f50a9f304c8105fb7b8baab13a65b",
      "integrity": "sha512-9NET910DNaIPngYnLLPeg+Ogzqsi9uM4mSboU5y6p8S5DzMTVEsJZrawi+BoDNUVBa2DhJqQYUFvMDfgU062LQ==",
      "dev": true,
      "license": "MIT",
      "engines": {
        "node": ">=6"
      }
    },
    "node_modules/@szmarczak/http-timer": {
      "version": "1.1.2",
      "resolved": "https://npm.yandex-team.ru/@szmarczak%2fhttp-timer/-/http-timer-1.1.2.tgz?rbtorrent=6553ace547f3cecbfc7cf3eb9d5ce4de2b56989c",
      "integrity": "sha512-XIB2XbzHTN6ieIjfIMV9hlVcfPU26s2vafYWQcZHWXHOxiaRZYEDKEwdl129Zyg50+foYV2jCgtrqSA6qNuNSA==",
      "dev": true,
      "license": "MIT",
      "dependencies": {
        "defer-to-connect": "^1.0.1"
      },
      "engines": {
        "node": ">=6"
      }
    },
    "node_modules/@yandex-int/tkit": {
      "version": "1.8.0",
      "resolved": "https://npm.yandex-team.ru/@yandex-int%2ftkit/-/tkit-1.8.0.tgz?rbtorrent=f0703515508ad831a4966a4dcc7fbcb84424637a",
      "integrity": "sha512-dz6hY7LU2ko3I6rX9+hxx2N4YTBhYRcQJJw4clYVQUe4Urkv7/vktJSQIXsXVhbA88TlZlcbBkhdHU6L14rd6w==",
      "dev": true,
      "license": "UNLICENSED",
      "engines": {
        "node": ">=10"
      }
    },
    "node_modules/abbrev": {
      "version": "1.1.1",
      "resolved": "https://npm.yandex-team.ru/abbrev/-/abbrev-1.1.1.tgz?rbtorrent=53dfd784b6db12f4864c5f1cd9b9e41a0cca5a7c",
      "integrity": "sha512-nne9/IiQ/hzIhY6pdDnbBtz7DjPTKrY00P/zvPSm5pOFkl6xuGrGnXn/VtTNNfNtAfZ9/1RtehkszU9qcTii0Q==",
      "dev": true,
      "license": "ISC"
    },
    "node_modules/ansi-styles": {
      "version": "3.2.1",
      "resolved": "https://npm.yandex-team.ru/ansi-styles/-/ansi-styles-3.2.1.tgz?rbtorrent=faa5b478cd2b57da6758ba77ccaf14ce379ee60f",
      "integrity": "sha512-VT0ZI6kZRdTh8YyJw3SMbYm/u+NqfsAxEpWO0Pf9sq8/e94WxxOpPKx9FR1FlyCtOVDNOQ+8ntlqFxiRc+r5qA==",
      "dev": true,
      "license": "MIT",
      "dependencies": {
        "color-convert": "^1.9.0"
      },
      "engines": {
        "node": ">=4"
      }
    },
    "node_modules/braces": {
      "version": "3.0.2",
      "resolved": "https://npm.yandex-team.ru/braces/-/braces-3.0.2.tgz?rbtorrent=1d01d8da37e544b5d8376199011d46fe8dc8e582",
      "integrity": "sha512-b8um+L1RzM3WDSzvhm6gIz1yfTbBt6YTlcEKAvsmqCZZFw46z626lVj9j1yEPW33H5H+lBQpZMP1k8l+78Ha0A==",
      "dev": true,
      "license": "MIT",
      "dependencies": {
        "fill-range": "^7.0.1"
      },
      "engines": {
        "node": ">=8"
      }
    },
    "node_modules/cacheable-request": {
      "version": "6.1.0",
      "resolved": "https://npm.yandex-team.ru/cacheable-request/-/cacheable-request-6.1.0.tgz?rbtorrent=bdcdf467be496bb812003ac83da39be5a81e935a",
      "integrity": "sha512-Oj3cAGPCqOZX7Rz64Uny2GYAZNliQSqfbePrgAQ1wKAihYmCUnraBtJtKcGR4xz7wF+LoJC+ssFZvv5BgF9Igg==",
      "dev": true,
      "license": "MIT",
      "dependencies": {
        "clone-response": "^1.0.2",
        "get-stream": "^5.1.0",
        "http-cache-semantics": "^4.0.0",
        "keyv": "^3.0.0",
        "lowercase-keys": "^2.0.0",
        "normalize-url": "^4.1.0",
        "responselike": "^1.0.2"
      },
      "engines": {
        "node": ">=8"
      }
    },
    "node_modules/cacheable-request/node_modules/get-stream": {
      "version": "5.2.0",
      "resolved": "https://npm.yandex-team.ru/get-stream/-/get-stream-5.2.0.tgz?rbtorrent=807e4f67a2aebd45f55854d6e899ce64972caf23",
      "integrity": "sha512-nBF+F1rAZVCu/p7rjzgA+Yb4lfYXrpl7a6VmJrU8wF9I1CKvP/QwPNZHnOlwbTkY6dvtFIzFMSyQXbLoTQPRpA==",
      "dev": true,
      "license": "MIT",
      "dependencies": {
        "pump": "^3.0.0"
      },
      "engines": {
        "node": ">=8"
      },
      "funding": {
        "url": "https://github.com/sponsors/sindresorhus"
      }
    },
    "node_modules/cacheable-request/node_modules/lowercase-keys": {
      "version": "2.0.0",
      "resolved": "https://npm.yandex-team.ru/lowercase-keys/-/lowercase-keys-2.0.0.tgz?rbtorrent=4a5b8605b468458530f8333fd71555b65efce89d",
      "integrity": "sha512-tqNXrS78oMOE73NMxK4EMLQsQowWf8jKooH9g7xPavRT706R6bkQJ6DY2Te7QukaZsulxa30wQ7bk0pm4XiHmA==",
      "dev": true,
      "license": "MIT",
      "engines": {
        "node": ">=8"
      }
    },
    "node_modules/chalk": {
      "version": "2.4.2",
      "resolved": "https://npm.yandex-team.ru/chalk/-/chalk-2.4.2.tgz?rbtorrent=06c5f4d36a66ba5a0ae97b1b80e9b65e0c6f6ef9",
      "integrity": "sha512-Mti+f9lpJNcwF4tWV8/OrTTtF1gZi+f8FqlyAdouralcFWFQWF2+NgCHShjkCb+IFBLq9buZwE1xckQU4peSuQ==",
      "dev": true,
      "license": "MIT",
      "dependencies": {
        "ansi-styles": "^3.2.1",
        "escape-string-regexp": "^1.0.5",
        "supports-color": "^5.3.0"
      },
      "engines": {
        "node": ">=4"
      }
    },
    "node_modules/chownr": {
      "version": "2.0.0",
      "resolved": "https://npm.yandex-team.ru/chownr/-/chownr-2.0.0.tgz?rbtorrent=3e13fe0feb2d21580f05bfabbc36e2a91718b89c",
      "integrity": "sha512-bIomtDF5KGpdogkLd9VspvFzk9KfpyyGlS8YFVZl7TGPBHL5snIOnxeshwVgPteQ9b4Eydl+pVbIyE1DcvCWgQ==",
      "dev": true,
      "license": "ISC",
      "engines": {
        "node": ">=10"
      }
    },
    "node_modules/clone-response": {
      "version": "1.0.2",
      "resolved": "https://npm.yandex-team.ru/clone-response/-/clone-response-1.0.2.tgz?rbtorrent=3ca5c378359ae41f31046a5eb71bacf5c1994413",
      "integrity": "sha1-0dyXOSAxTfZ/vrlCI7TuNQI56Ws=",
      "dev": true,
      "license": "MIT",
      "dependencies": {
        "mimic-response": "^1.0.0"
      }
    },
    "node_modules/color-convert": {
      "version": "1.9.3",
      "resolved": "https://npm.yandex-team.ru/color-convert/-/color-convert-1.9.3.tgz?rbtorrent=922178a6455d830f5d2a067cc3b4536edf35cf99",
      "integrity": "sha512-QfAUtd+vFdAtFQcC8CCyYt1fYWxSqAiK2cSD6zDB8N3cpsEBAvRxp9zOGg6G/SHHJYAT88/az/IuDGALsNVbGg==",
      "dev": true,
      "license": "MIT",
      "dependencies": {
        "color-name": "1.1.3"
      }
    },
    "node_modules/color-name": {
      "version": "1.1.3",
      "resolved": "https://npm.yandex-team.ru/color-name/-/color-name-1.1.3.tgz?rbtorrent=dae93194b306ff22bc57ca1c62c6a5c14d2c1e91",
      "integrity": "sha1-p9BVi9icQveV3UIyj3QIMcpTvCU=",
      "dev": true,
      "license": "MIT"
    },
    "node_modules/debug": {
      "version": "4.3.3",
      "resolved": "https://npm.yandex-team.ru/debug/-/debug-4.3.3.tgz?rbtorrent=c38a38e16b1cef280b1d5d984241d56e8a3365d1",
      "integrity": "sha512-/zxw5+vh1Tfv+4Qn7a5nsbcJKPaSvCDhojn6FEl9vupwK2VCSDtEiEtqr8DFtzYFOdz63LBkxec7DYuc2jon6Q==",
      "dev": true,
      "license": "MIT",
      "dependencies": {
        "ms": "2.1.2"
      },
      "engines": {
        "node": ">=6.0"
      },
      "peerDependenciesMeta": {
        "supports-color": {
          "optional": true
        }
      }
    },
    "node_modules/decompress-response": {
      "version": "3.3.0",
      "resolved": "https://npm.yandex-team.ru/decompress-response/-/decompress-response-3.3.0.tgz?rbtorrent=d24f3250a894a41a73059b6039da538c892c0a5f",
      "integrity": "sha1-gKTdMjdIOEv6JICDYirt7Jgq3/M=",
      "dev": true,
      "license": "MIT",
      "dependencies": {
        "mimic-response": "^1.0.0"
      },
      "engines": {
        "node": ">=4"
      }
    },
    "node_modules/defer-to-connect": {
      "version": "1.1.3",
      "resolved": "https://npm.yandex-team.ru/defer-to-connect/-/defer-to-connect-1.1.3.tgz?rbtorrent=cb115b28d2808faee739ef968627689dd73623e1",
      "integrity": "sha512-0ISdNousHvZT2EiFlZeZAHBUvSxmKswVCEf8hW7KWgG4a8MVEu/3Vb6uWYozkjylyCxe0JBIiRB1jV45S70WVQ==",
      "dev": true,
      "license": "MIT"
    },
    "node_modules/duplexer3": {
      "version": "0.1.4",
      "resolved": "https://npm.yandex-team.ru/duplexer3/-/duplexer3-0.1.4.tgz?rbtorrent=184d9bbbced5cbebeec5dca8a84971ef4a493633",
      "integrity": "sha1-7gHdHKwO08vH/b6jfcCo8c4ALOI=",
      "dev": true,
      "license": "BSD-3-Clause"
    },
    "node_modules/end-of-stream": {
      "version": "1.4.4",
      "resolved": "https://npm.yandex-team.ru/end-of-stream/-/end-of-stream-1.4.4.tgz?rbtorrent=a90d5140548fbf164b53211d25e22001769bd218",
      "integrity": "sha512-+uw1inIHVPQoaVuHzRyXd21icM+cnt4CzD5rW+NC1wjOUSTOs+Te7FOv7AhN7vS9x/oIyhLP5PR1H+phQAHu5Q==",
      "dev": true,
      "license": "MIT",
      "dependencies": {
        "once": "^1.4.0"
      }
    },
    "node_modules/escape-string-regexp": {
      "version": "1.0.5",
      "resolved": "https://npm.yandex-team.ru/escape-string-regexp/-/escape-string-regexp-1.0.5.tgz?rbtorrent=cd81fc9608e36ea0b6aecf2ffa810d04ae989685",
      "integrity": "sha1-G2HAViGQqN/2rjuyzwIAyhMLhtQ=",
      "dev": true,
      "license": "MIT",
      "engines": {
        "node": ">=0.8.0"
      }
    },
    "node_modules/fill-range": {
      "version": "7.0.1",
      "resolved": "https://npm.yandex-team.ru/fill-range/-/fill-range-7.0.1.tgz?rbtorrent=90f6f804f0d5e258b4a939fc447b33b7c0dc89ed",
      "integrity": "sha512-qOo9F+dMUmC2Lcb4BbVvnKJxTPjCm+RRpe4gDuGrzkL7mEVl/djYSu2OdQ2Pa302N4oqkSg9ir6jaLWJ2USVpQ==",
      "dev": true,
      "license": "MIT",
      "dependencies": {
        "to-regex-range": "^5.0.1"
      },
      "engines": {
        "node": ">=8"
      }
    },
    "node_modules/fs-minipass": {
      "version": "2.1.0",
      "resolved": "https://npm.yandex-team.ru/fs-minipass/-/fs-minipass-2.1.0.tgz?rbtorrent=8d70fff9f6b1413da0b5bdfe4369a1d1b0c1dba9",
      "integrity": "sha512-V/JgOLFCS+R6Vcq0slCuaeWEdNC3ouDlJMNIsacH2VtALiu9mV4LPrHc5cDl8k5aw6J8jwgWWpiTo5RYhmIzvg==",
      "dev": true,
      "license": "ISC",
      "dependencies": {
        "minipass": "^3.0.0"
      },
      "engines": {
        "node": ">= 8"
      }
    },
    "node_modules/get-stream": {
      "version": "4.1.0",
      "resolved": "https://npm.yandex-team.ru/get-stream/-/get-stream-4.1.0.tgz?rbtorrent=4293d47fae7d996a19218790c18a2cc6c3ab5065",
      "integrity": "sha512-GMat4EJ5161kIy2HevLlr4luNjBgvmj413KaQA7jt4V8B4RDsfpHk7WQ9GVqfYyyx8OS/L66Kox+rJRNklLK7w==",
      "dev": true,
      "license": "MIT",
      "dependencies": {
        "pump": "^3.0.0"
      },
      "engines": {
        "node": ">=6"
      }
    },
    "node_modules/got": {
      "version": "9.6.0",
      "resolved": "https://npm.yandex-team.ru/got/-/got-9.6.0.tgz?rbtorrent=95b611425e61850413213efc0481824f3d86a39f",
      "integrity": "sha512-R7eWptXuGYxwijs0eV+v3o6+XH1IqVK8dJOEecQfTmkncw9AV4dcw/Dhxi8MdlqPthxxpZyizMzyg8RTmEsG+Q==",
      "dev": true,
      "license": "MIT",
      "dependencies": {
        "@sindresorhus/is": "^0.14.0",
        "@szmarczak/http-timer": "^1.1.2",
        "cacheable-request": "^6.0.0",
        "decompress-response": "^3.3.0",
        "duplexer3": "^0.1.4",
        "get-stream": "^4.1.0",
        "lowercase-keys": "^1.0.1",
        "mimic-response": "^1.0.1",
        "p-cancelable": "^1.0.0",
        "to-readable-stream": "^1.0.0",
        "url-parse-lax": "^3.0.0"
      },
      "engines": {
        "node": ">=8.6"
      }
    },
    "node_modules/has-flag": {
      "version": "3.0.0",
      "resolved": "https://npm.yandex-team.ru/has-flag/-/has-flag-3.0.0.tgz?rbtorrent=ca7ec6bdf5a36e5aa9d948c64c0f1d8f0b11b442",
      "integrity": "sha1-tdRU3CGZriJWmfNGfloH87lVuv0=",
      "dev": true,
      "license": "MIT",
      "engines": {
        "node": ">=4"
      }
    },
    "node_modules/http-cache-semantics": {
      "version": "4.1.0",
      "resolved": "https://npm.yandex-team.ru/http-cache-semantics/-/http-cache-semantics-4.1.0.tgz?rbtorrent=3d974b0cf7c6a7f6a0171f93ee828c06be44527a",
      "integrity": "sha512-carPklcUh7ROWRK7Cv27RPtdhYhUsela/ue5/jKzjegVvXDqM2ILE9Q2BGn9JZJh1g87cp56su/FgQSzcWS8cQ==",
      "dev": true,
      "license": "BSD-2-Clause"
    },
    "node_modules/is-number": {
      "version": "7.0.0",
      "resolved": "https://npm.yandex-team.ru/is-number/-/is-number-7.0.0.tgz?rbtorrent=a36365cac002ce7b5ebe1740bef8809e8e2d89b3",
      "integrity": "sha512-41Cifkg6e8TylSpdtTpeLVMqvSBEVzTttHvERD741+pnZ8ANv0004MRL43QKPDlK9cGvNp6NZWZUBlbGXYxxng==",
      "dev": true,
      "license": "MIT",
      "engines": {
        "node": ">=0.12.0"
      }
    },
    "node_modules/json-buffer": {
      "version": "3.0.0",
      "resolved": "https://npm.yandex-team.ru/json-buffer/-/json-buffer-3.0.0.tgz?rbtorrent=2b3d033cf19a915f4a2feaa72c5f3bbfd58dcac5",
      "integrity": "sha1-Wx85evx11ne96Lz8Dkfh+aPZqJg=",
      "dev": true,
      "license": "MIT"
    },
    "node_modules/keyv": {
      "version": "3.1.0",
      "resolved": "https://npm.yandex-team.ru/keyv/-/keyv-3.1.0.tgz?rbtorrent=21799ddb2c8181d4e3cb948c4fc8ea1d37870faa",
      "integrity": "sha512-9ykJ/46SN/9KPM/sichzQ7OvXyGDYKGTaDlKMGCAlg2UK8KRy4jb0d8sFc+0Tt0YYnThq8X2RZgCg74RPxgcVA==",
      "dev": true,
      "license": "MIT",
      "dependencies": {
        "json-buffer": "3.0.0"
      }
    },
    "node_modules/kleur": {
      "version": "3.0.3",
      "resolved": "https://npm.yandex-team.ru/kleur/-/kleur-3.0.3.tgz?rbtorrent=573bb26abbe3b8304bef6b93a76c4bdfda3e41de",
      "integrity": "sha512-eTIzlVOSUR+JxdDFepEYcBMtZ9Qqdef+rnzWdRZuMbOywu5tO2w2N7rqjoANZ5k9vywhL6Br1VRjUIgTQx4E8w==",
      "dev": true,
      "license": "MIT",
      "engines": {
        "node": ">=6"
      }
    },
    "node_modules/lowercase-keys": {
      "version": "1.0.1",
      "resolved": "https://npm.yandex-team.ru/lowercase-keys/-/lowercase-keys-1.0.1.tgz?rbtorrent=869bf76b974bc326bcf9289e97d5c199670bc300",
      "integrity": "sha512-G2Lj61tXDnVFFOi8VZds+SoQjtQC3dgokKdDG2mTm1tx4m50NUHBOZSBwQQHyy0V12A0JTG4icfZQH+xPyh8VA==",
      "dev": true,
      "license": "MIT",
      "engines": {
        "node": ">=0.10.0"
      }
    },
    "node_modules/micromatch": {
      "version": "4.0.4",
      "resolved": "https://npm.yandex-team.ru/micromatch/-/micromatch-4.0.4.tgz?rbtorrent=1b6799f07834b2b94e500e891e5cc2ad0596fd01",
      "integrity": "sha512-pRmzw/XUcwXGpD9aI9q/0XOwLNygjETJ8y0ao0wdqprrzDa4YnxLcz7fQRZr8voh8V10kGhABbNcHVk5wHgWwg==",
      "dev": true,
      "license": "MIT",
      "dependencies": {
        "braces": "^3.0.1",
        "picomatch": "^2.2.3"
      },
      "engines": {
        "node": ">=8.6"
      }
    },
    "node_modules/mimic-response": {
      "version": "1.0.1",
      "resolved": "https://npm.yandex-team.ru/mimic-response/-/mimic-response-1.0.1.tgz?rbtorrent=3285ae670362b295e4cc447695fcb6346b87d35e",
      "integrity": "sha512-j5EctnkH7amfV/q5Hgmoal1g2QHFJRraOtmx0JpIqkxhBhI/lJSl1nMpQ45hVarwNETOoWEimndZ4QK0RHxuxQ==",
      "dev": true,
      "license": "MIT",
      "engines": {
        "node": ">=4"
      }
    },
    "node_modules/minipass": {
      "version": "3.1.6",
      "resolved": "https://npm.yandex-team.ru/minipass/-/minipass-3.1.6.tgz?rbtorrent=0c0c4bd8e51f3a134243e5e220669a2dee041dea",
      "integrity": "sha512-rty5kpw9/z8SX9dmxblFA6edItUmwJgMeYDZRrwlIVN27i8gysGbznJwUggw2V/FVqFSDdWy040ZPS811DYAqQ==",
      "dev": true,
      "license": "ISC",
      "dependencies": {
        "yallist": "^4.0.0"
      },
      "engines": {
        "node": ">=8"
      }
    },
    "node_modules/minizlib": {
      "version": "2.1.2",
      "resolved": "https://npm.yandex-team.ru/minizlib/-/minizlib-2.1.2.tgz?rbtorrent=fe4289fc5faff8fdc58ff12501182934dea6086c",
      "integrity": "sha512-bAxsR8BVfj60DWXHE3u30oHzfl4G7khkSuPW+qvpd7jFRHm7dLxOjUk1EHACJ/hxLY8phGJ0YhYHZo7jil7Qdg==",
      "dev": true,
      "license": "MIT",
      "dependencies": {
        "minipass": "^3.0.0",
        "yallist": "^4.0.0"
      },
      "engines": {
        "node": ">= 8"
      }
    },
    "node_modules/mkdirp": {
      "version": "1.0.4",
      "resolved": "https://npm.yandex-team.ru/mkdirp/-/mkdirp-1.0.4.tgz?rbtorrent=0e1e07ef20abf5978b10dfd93976f13197226bd9",
      "integrity": "sha512-vVqVZQyf3WLx2Shd0qJ9xuvqgAyKPLAiqITEtqW0oIUjzo3PePDd6fW9iFz30ef7Ysp/oiWqbhszeGWW2T6Gzw==",
      "dev": true,
      "license": "MIT",
      "bin": {
        "mkdirp": "bin/cmd.js"
      },
      "engines": {
        "node": ">=10"
      }
    },
    "node_modules/ms": {
      "version": "2.1.2",
      "resolved": "https://npm.yandex-team.ru/ms/-/ms-2.1.2.tgz?rbtorrent=269d2b1e4b633a2572e485adbd93b4085872ffe0",
      "integrity": "sha512-sGkPx+VjMtmA6MX27oA4FBFELFCZZ4S4XqeGOXCv68tT+jb3vk/RyaKWP0PTKyWtmLSM0b+adUTEvbs1PEaH2w==",
      "dev": true,
      "license": "MIT"
    },
    "node_modules/nopt": {
      "version": "4.0.3",
      "resolved": "https://npm.yandex-team.ru/nopt/-/nopt-4.0.3.tgz?rbtorrent=b2a30b19465e24e0ec4f6add8bb62f0c8c9c7e3a",
      "integrity": "sha512-CvaGwVMztSMJLOeXPrez7fyfObdZqNUK1cPAEzLHrTybIua9pMdmmPR5YwtfNftIOMv3DPUhFaxsZMNTQO20Kg==",
      "dev": true,
      "license": "ISC",
      "dependencies": {
        "abbrev": "1",
        "osenv": "^0.1.4"
      },
      "bin": {
        "nopt": "bin/nopt.js"
      }
    },
    "node_modules/normalize-url": {
      "version": "4.5.1",
      "resolved": "https://npm.yandex-team.ru/normalize-url/-/normalize-url-4.5.1.tgz?rbtorrent=6fa675305c68de6966babe6473db96f4e5e0013e",
      "integrity": "sha512-9UZCFRHQdNrfTpGg8+1INIg93B6zE0aXMVFkw1WFwvO4SlZywU6aLg5Of0Ap/PgcbSw4LNxvMWXMeugwMCX0AA==",
      "dev": true,
      "license": "MIT",
      "engines": {
        "node": ">=8"
      }
    },
    "node_modules/once": {
      "version": "1.4.0",
      "resolved": "https://npm.yandex-team.ru/once/-/once-1.4.0.tgz?rbtorrent=631c10ccf90e53addc6a29d4cca37226f2b67537",
      "integrity": "sha1-WDsap3WWHUsROsF9nFC6753Xa9E=",
      "dev": true,
      "license": "ISC",
      "dependencies": {
        "wrappy": "1"
      }
    },
    "node_modules/os-homedir": {
      "version": "1.0.2",
      "resolved": "https://npm.yandex-team.ru/os-homedir/-/os-homedir-1.0.2.tgz?rbtorrent=f61b69f7f3bf118c8c4aeb0dde59d9db30db7138",
      "integrity": "sha1-/7xJiDNuDoM94MFox+8VISGqf7M=",
      "dev": true,
      "license": "MIT",
      "engines": {
        "node": ">=0.10.0"
      }
    },
    "node_modules/os-tmpdir": {
      "version": "1.0.2",
      "resolved": "https://npm.yandex-team.ru/os-tmpdir/-/os-tmpdir-1.0.2.tgz?rbtorrent=6fd087f5efef29ee15a59fd941c664935a1bbca2",
      "integrity": "sha1-u+Z0BseaqFxc/sdm/lc0VV36EnQ=",
      "dev": true,
      "license": "MIT",
      "engines": {
        "node": ">=0.10.0"
      }
    },
    "node_modules/osenv": {
      "version": "0.1.5",
      "resolved": "https://npm.yandex-team.ru/osenv/-/osenv-0.1.5.tgz?rbtorrent=659561c828c1b1ce1dc2f214edb469752366105a",
      "integrity": "sha512-0CWcCECdMVc2Rw3U5w9ZjqX6ga6ubk1xDVKxtBQPK7wis/0F2r9T6k4ydGYhecl7YUBxBVxhL5oisPsNxAPe2g==",
      "dev": true,
      "license": "ISC",
      "dependencies": {
        "os-homedir": "^1.0.0",
        "os-tmpdir": "^1.0.0"
      }
    },
    "node_modules/p-cancelable": {
      "version": "1.1.0",
      "resolved": "https://npm.yandex-team.ru/p-cancelable/-/p-cancelable-1.1.0.tgz?rbtorrent=a6b2514fc5e92d24eafef18d05e225eee095f3dc",
      "integrity": "sha512-s73XxOZ4zpt1edZYZzvhqFa6uvQc1vwUa0K0BdtIZgQMAJj9IbebH+JkgKZc9h+B05PKHLOTl4ajG1BmNrVZlw==",
      "dev": true,
      "license": "MIT",
      "engines": {
        "node": ">=6"
      }
    },
    "node_modules/picomatch": {
      "version": "2.3.1",
      "resolved": "https://npm.yandex-team.ru/picomatch/-/picomatch-2.3.1.tgz?rbtorrent=d64d76aa10430f60181256e008cc2a586e86ed0c",
      "integrity": "sha512-JU3teHTNjmE2VCGFzuY8EXzCDVwEqB2a8fsIvwaStHhAWJEeVd1o1QD80CU6+ZdEXXSLbSsuLwJjkCBWqRQUVA==",
      "dev": true,
      "license": "MIT",
      "engines": {
        "node": ">=8.6"
      },
      "funding": {
        "url": "https://github.com/sponsors/jonschlinkert"
      }
    },
    "node_modules/prepend-http": {
      "version": "2.0.0",
      "resolved": "https://npm.yandex-team.ru/prepend-http/-/prepend-http-2.0.0.tgz?rbtorrent=8b17cfe0bd2ee444eefbd99622c22bbe222146ee",
      "integrity": "sha1-6SQ0v6XqjBn0HN/UAddBo8gZ2Jc=",
      "dev": true,
      "license": "MIT",
      "engines": {
        "node": ">=4"
      }
    },
    "node_modules/prompts": {
      "version": "2.4.2",
      "resolved": "https://npm.yandex-team.ru/prompts/-/prompts-2.4.2.tgz?rbtorrent=10aef2b4983f13a97ab5098e5f38a2bf72b7d924",
      "integrity": "sha512-NxNv/kLguCA7p3jE8oL2aEBsrJWgAakBpgmgK6lpPWV+WuOmY6r2/zbAVnP+T8bQlA0nzHXSJSJW0Hq7ylaD2Q==",
      "dev": true,
      "license": "MIT",
      "dependencies": {
        "kleur": "^3.0.3",
        "sisteransi": "^1.0.5"
      },
      "engines": {
        "node": ">= 6"
      }
    },
    "node_modules/pump": {
      "version": "3.0.0",
      "resolved": "https://npm.yandex-team.ru/pump/-/pump-3.0.0.tgz?rbtorrent=9ecc0c9b98f93709c4ce54ea1dd4b6ff8536e437",
      "integrity": "sha512-LwZy+p3SFs1Pytd/jYct4wpv49HiYCqd9Rlc5ZVdk0V+8Yzv6jR5Blk3TRmPL1ft69TxP0IMZGJ+WPFU2BFhww==",
      "dev": true,
      "license": "MIT",
      "dependencies": {
        "end-of-stream": "^1.1.0",
        "once": "^1.3.1"
      }
    },
    "node_modules/responselike": {
      "version": "1.0.2",
      "resolved": "https://npm.yandex-team.ru/responselike/-/responselike-1.0.2.tgz?rbtorrent=7c30a0095979f02e7e651c8966357e30cce0487c",
      "integrity": "sha1-kYcg7ztjHFZCvgaPFa3lpG9Loec=",
      "dev": true,
      "license": "MIT",
      "dependencies": {
        "lowercase-keys": "^1.0.0"
      }
    },
    "node_modules/sisteransi": {
      "version": "1.0.5",
      "resolved": "https://npm.yandex-team.ru/sisteransi/-/sisteransi-1.0.5.tgz?rbtorrent=e8412209181c68a227938bd45102d2fbfc80cf92",
      "integrity": "sha512-bLGGlR1QxBcynn2d5YmDX4MGjlZvy2MRBDRNHLJ8VI6l6+9FUiyTFNJ0IveOSP0bcXgVDPRcfGqA0pjaqUpfVg==",
      "dev": true,
      "license": "MIT"
    },
    "node_modules/supports-color": {
      "version": "5.5.0",
      "resolved": "https://npm.yandex-team.ru/supports-color/-/supports-color-5.5.0.tgz?rbtorrent=c2fcb1f2f38bc39eff52ac9bdbb0db30f56ae250",
      "integrity": "sha512-QjVjwdXIt408MIiAqCX4oUKsgU2EqAGzs2Ppkm4aQYbjm+ZEWEcW4SfFNTr4uMNZma0ey4f5lgLrkB0aX0QMow==",
      "dev": true,
      "license": "MIT",
      "dependencies": {
        "has-flag": "^3.0.0"
      },
      "engines": {
        "node": ">=4"
      }
    },
    "node_modules/tar": {
      "version": "6.1.11",
      "resolved": "https://npm.yandex-team.ru/tar/-/tar-6.1.11.tgz?rbtorrent=d506e449898427bdd594f49a82aa04f62d7fa1a1",
      "integrity": "sha512-an/KZQzQUkZCkuoAA64hM92X0Urb6VpRhAFllDzz44U2mcD5scmT3zBc4VgVpkugF580+DQn8eAFSyoQt0tznA==",
      "dev": true,
      "license": "ISC",
      "dependencies": {
        "chownr": "^2.0.0",
        "fs-minipass": "^2.0.0",
        "minipass": "^3.0.0",
        "minizlib": "^2.1.1",
        "mkdirp": "^1.0.3",
        "yallist": "^4.0.0"
      },
      "engines": {
        "node": ">= 10"
      }
    },
    "node_modules/to-readable-stream": {
      "version": "1.0.0",
      "resolved": "https://npm.yandex-team.ru/to-readable-stream/-/to-readable-stream-1.0.0.tgz?rbtorrent=a6b890d474e27f81a595196bb580e7f9728619f4",
      "integrity": "sha512-Iq25XBt6zD5npPhlLVXGFN3/gyR2/qODcKNNyTMd4vbm39HUaOiAM4PMq0eMVC/Tkxz+Zjdsc55g9yyz+Yq00Q==",
      "dev": true,
      "license": "MIT",
      "engines": {
        "node": ">=6"
      }
    },
    "node_modules/to-regex-range": {
      "version": "5.0.1",
      "resolved": "https://npm.yandex-team.ru/to-regex-range/-/to-regex-range-5.0.1.tgz?rbtorrent=9c494e247bd2815d7991a87d6c0fa999f42b3641",
      "integrity": "sha512-65P7iz6X5yEr1cwcgvQxbbIw7Uk3gOy5dIdtZ4rDveLqhrdJP+Li/Hx6tyK0NEb+2GCyneCMJiGqrADCSNk8sQ==",
      "dev": true,
      "license": "MIT",
      "dependencies": {
        "is-number": "^7.0.0"
      },
      "engines": {
        "node": ">=8.0"
      }
    },
    "node_modules/urelease": {
      "version": "2.8.5",
      "resolved": "https://npm.yandex-team.ru/urelease/-/urelease-2.8.5.tgz?rbtorrent=3711cb3c42915c99b42b2a5606b2392c5d72fb15",
      "integrity": "sha512-ndaP4LLRBjQ8mFGHGJs9JVUMRmmr/Or3iqtz7P3yDE7Vcd1h4QhxUls6YXYNoXQiHKQC8VYQSFK1shXC4wydXQ==",
      "dev": true,
      "license": "ISC",
      "dependencies": {
        "chalk": "^2.4.2",
        "debug": "^4.1.1",
        "got": "^9.6.0",
        "micromatch": "^4.0.2",
        "nopt": "^4.0.1",
        "prompts": "^2.2.1",
        "tar": "^6.0.1"
      },
      "bin": {
        "build-component": "bin/build-component",
        "create-release": "bin/create-release",
        "nanny-deploy": "bin/nanny-deploy",
        "s3-deploy": "bin/s3-deploy",
        "yappy-deploy": "bin/yappy-deploy",
        "yappy-wait": "bin/yappy-wait"
      },
      "peerDependencies": {
        "@yandex-int/tkit": "1.8.0"
      }
    },
    "node_modules/url-parse-lax": {
      "version": "3.0.0",
      "resolved": "https://npm.yandex-team.ru/url-parse-lax/-/url-parse-lax-3.0.0.tgz?rbtorrent=a998c71282ec287af67d952b02c4f7b44396e7bd",
      "integrity": "sha1-FrXK/Afb42dsGxmZF3gj1lA6yww=",
      "dev": true,
      "license": "MIT",
      "dependencies": {
        "prepend-http": "^2.0.0"
      },
      "engines": {
        "node": ">=4"
      }
    },
    "node_modules/wrappy": {
      "version": "1.0.2",
      "resolved": "https://npm.yandex-team.ru/wrappy/-/wrappy-1.0.2.tgz?rbtorrent=24f631e7a60519be5a0a6d43ff4add05afa3e58f",
      "integrity": "sha1-tSQ9jz7BqjXxNkYFvA0QNuMKtp8=",
      "dev": true,
      "license": "ISC"
    },
    "node_modules/yallist": {
      "version": "4.0.0",
      "resolved": "https://npm.yandex-team.ru/yallist/-/yallist-4.0.0.tgz?rbtorrent=ca0ffad79943d0b388e9009deaa7e003cbab93c7",
      "integrity": "sha512-3wdGidZyq5PB084XLES5TpOSRA3wjXAlIWMhum2kRcv/41Sn2emQ0dycQW4uZXLejwKvg6EsvbdlVL+FYEct7A==",
      "dev": true,
      "license": "ISC"
    }
  },
  "dependencies": {
    "@sindresorhus/is": {
      "version": "0.14.0",
      "resolved": "https://npm.yandex-team.ru/@sindresorhus%2fis/-/is-0.14.0.tgz?rbtorrent=64447afb2e4f50a9f304c8105fb7b8baab13a65b",
      "integrity": "sha512-9NET910DNaIPngYnLLPeg+Ogzqsi9uM4mSboU5y6p8S5DzMTVEsJZrawi+BoDNUVBa2DhJqQYUFvMDfgU062LQ==",
      "dev": true
    },
    "@szmarczak/http-timer": {
      "version": "1.1.2",
      "resolved": "https://npm.yandex-team.ru/@szmarczak%2fhttp-timer/-/http-timer-1.1.2.tgz?rbtorrent=6553ace547f3cecbfc7cf3eb9d5ce4de2b56989c",
      "integrity": "sha512-XIB2XbzHTN6ieIjfIMV9hlVcfPU26s2vafYWQcZHWXHOxiaRZYEDKEwdl129Zyg50+foYV2jCgtrqSA6qNuNSA==",
      "dev": true,
      "requires": {
        "defer-to-connect": "^1.0.1"
      }
    },
    "@yandex-int/tkit": {
      "version": "1.8.0",
      "resolved": "https://npm.yandex-team.ru/@yandex-int%2ftkit/-/tkit-1.8.0.tgz?rbtorrent=f0703515508ad831a4966a4dcc7fbcb84424637a",
      "integrity": "sha512-dz6hY7LU2ko3I6rX9+hxx2N4YTBhYRcQJJw4clYVQUe4Urkv7/vktJSQIXsXVhbA88TlZlcbBkhdHU6L14rd6w==",
      "dev": true
    },
    "abbrev": {
      "version": "1.1.1",
      "resolved": "https://npm.yandex-team.ru/abbrev/-/abbrev-1.1.1.tgz?rbtorrent=53dfd784b6db12f4864c5f1cd9b9e41a0cca5a7c",
      "integrity": "sha512-nne9/IiQ/hzIhY6pdDnbBtz7DjPTKrY00P/zvPSm5pOFkl6xuGrGnXn/VtTNNfNtAfZ9/1RtehkszU9qcTii0Q==",
      "dev": true
    },
    "ansi-styles": {
      "version": "3.2.1",
      "resolved": "https://npm.yandex-team.ru/ansi-styles/-/ansi-styles-3.2.1.tgz?rbtorrent=faa5b478cd2b57da6758ba77ccaf14ce379ee60f",
      "integrity": "sha512-VT0ZI6kZRdTh8YyJw3SMbYm/u+NqfsAxEpWO0Pf9sq8/e94WxxOpPKx9FR1FlyCtOVDNOQ+8ntlqFxiRc+r5qA==",
      "dev": true,
      "requires": {
        "color-convert": "^1.9.0"
      }
    },
    "braces": {
      "version": "3.0.2",
      "resolved": "https://npm.yandex-team.ru/braces/-/braces-3.0.2.tgz?rbtorrent=1d01d8da37e544b5d8376199011d46fe8dc8e582",
      "integrity": "sha512-b8um+L1RzM3WDSzvhm6gIz1yfTbBt6YTlcEKAvsmqCZZFw46z626lVj9j1yEPW33H5H+lBQpZMP1k8l+78Ha0A==",
      "dev": true,
      "requires": {
        "fill-range": "^7.0.1"
      }
    },
    "cacheable-request": {
      "version": "6.1.0",
      "resolved": "https://npm.yandex-team.ru/cacheable-request/-/cacheable-request-6.1.0.tgz?rbtorrent=bdcdf467be496bb812003ac83da39be5a81e935a",
      "integrity": "sha512-Oj3cAGPCqOZX7Rz64Uny2GYAZNliQSqfbePrgAQ1wKAihYmCUnraBtJtKcGR4xz7wF+LoJC+ssFZvv5BgF9Igg==",
      "dev": true,
      "requires": {
        "clone-response": "^1.0.2",
        "get-stream": "^5.1.0",
        "http-cache-semantics": "^4.0.0",
        "keyv": "^3.0.0",
        "lowercase-keys": "^2.0.0",
        "normalize-url": "^4.1.0",
        "responselike": "^1.0.2"
      },
      "dependencies": {
        "get-stream": {
          "version": "5.2.0",
          "resolved": "https://npm.yandex-team.ru/get-stream/-/get-stream-5.2.0.tgz?rbtorrent=807e4f67a2aebd45f55854d6e899ce64972caf23",
          "integrity": "sha512-nBF+F1rAZVCu/p7rjzgA+Yb4lfYXrpl7a6VmJrU8wF9I1CKvP/QwPNZHnOlwbTkY6dvtFIzFMSyQXbLoTQPRpA==",
          "dev": true,
          "requires": {
            "pump": "^3.0.0"
          }
        },
        "lowercase-keys": {
          "version": "2.0.0",
          "resolved": "https://npm.yandex-team.ru/lowercase-keys/-/lowercase-keys-2.0.0.tgz?rbtorrent=4a5b8605b468458530f8333fd71555b65efce89d",
          "integrity": "sha512-tqNXrS78oMOE73NMxK4EMLQsQowWf8jKooH9g7xPavRT706R6bkQJ6DY2Te7QukaZsulxa30wQ7bk0pm4XiHmA==",
          "dev": true
        }
      }
    },
    "chalk": {
      "version": "2.4.2",
      "resolved": "https://npm.yandex-team.ru/chalk/-/chalk-2.4.2.tgz?rbtorrent=06c5f4d36a66ba5a0ae97b1b80e9b65e0c6f6ef9",
      "integrity": "sha512-Mti+f9lpJNcwF4tWV8/OrTTtF1gZi+f8FqlyAdouralcFWFQWF2+NgCHShjkCb+IFBLq9buZwE1xckQU4peSuQ==",
      "dev": true,
      "requires": {
        "ansi-styles": "^3.2.1",
        "escape-string-regexp": "^1.0.5",
        "supports-color": "^5.3.0"
      }
    },
    "chownr": {
      "version": "2.0.0",
      "resolved": "https://npm.yandex-team.ru/chownr/-/chownr-2.0.0.tgz?rbtorrent=3e13fe0feb2d21580f05bfabbc36e2a91718b89c",
      "integrity": "sha512-bIomtDF5KGpdogkLd9VspvFzk9KfpyyGlS8YFVZl7TGPBHL5snIOnxeshwVgPteQ9b4Eydl+pVbIyE1DcvCWgQ==",
      "dev": true
    },
    "clone-response": {
      "version": "1.0.2",
      "resolved": "https://npm.yandex-team.ru/clone-response/-/clone-response-1.0.2.tgz?rbtorrent=3ca5c378359ae41f31046a5eb71bacf5c1994413",
      "integrity": "sha1-0dyXOSAxTfZ/vrlCI7TuNQI56Ws=",
      "dev": true,
      "requires": {
        "mimic-response": "^1.0.0"
      }
    },
    "color-convert": {
      "version": "1.9.3",
      "resolved": "https://npm.yandex-team.ru/color-convert/-/color-convert-1.9.3.tgz?rbtorrent=922178a6455d830f5d2a067cc3b4536edf35cf99",
      "integrity": "sha512-QfAUtd+vFdAtFQcC8CCyYt1fYWxSqAiK2cSD6zDB8N3cpsEBAvRxp9zOGg6G/SHHJYAT88/az/IuDGALsNVbGg==",
      "dev": true,
      "requires": {
        "color-name": "1.1.3"
      }
    },
    "color-name": {
      "version": "1.1.3",
      "resolved": "https://npm.yandex-team.ru/color-name/-/color-name-1.1.3.tgz?rbtorrent=dae93194b306ff22bc57ca1c62c6a5c14d2c1e91",
      "integrity": "sha1-p9BVi9icQveV3UIyj3QIMcpTvCU=",
      "dev": true
    },
    "debug": {
      "version": "4.3.3",
      "resolved": "https://npm.yandex-team.ru/debug/-/debug-4.3.3.tgz?rbtorrent=c38a38e16b1cef280b1d5d984241d56e8a3365d1",
      "integrity": "sha512-/zxw5+vh1Tfv+4Qn7a5nsbcJKPaSvCDhojn6FEl9vupwK2VCSDtEiEtqr8DFtzYFOdz63LBkxec7DYuc2jon6Q==",
      "dev": true,
      "requires": {
        "ms": "2.1.2"
      }
    },
    "decompress-response": {
      "version": "3.3.0",
      "resolved": "https://npm.yandex-team.ru/decompress-response/-/decompress-response-3.3.0.tgz?rbtorrent=d24f3250a894a41a73059b6039da538c892c0a5f",
      "integrity": "sha1-gKTdMjdIOEv6JICDYirt7Jgq3/M=",
      "dev": true,
      "requires": {
        "mimic-response": "^1.0.0"
      }
    },
    "defer-to-connect": {
      "version": "1.1.3",
      "resolved": "https://npm.yandex-team.ru/defer-to-connect/-/defer-to-connect-1.1.3.tgz?rbtorrent=cb115b28d2808faee739ef968627689dd73623e1",
      "integrity": "sha512-0ISdNousHvZT2EiFlZeZAHBUvSxmKswVCEf8hW7KWgG4a8MVEu/3Vb6uWYozkjylyCxe0JBIiRB1jV45S70WVQ==",
      "dev": true
    },
    "duplexer3": {
      "version": "0.1.4",
      "resolved": "https://npm.yandex-team.ru/duplexer3/-/duplexer3-0.1.4.tgz?rbtorrent=184d9bbbced5cbebeec5dca8a84971ef4a493633",
      "integrity": "sha1-7gHdHKwO08vH/b6jfcCo8c4ALOI=",
      "dev": true
    },
    "end-of-stream": {
      "version": "1.4.4",
      "resolved": "https://npm.yandex-team.ru/end-of-stream/-/end-of-stream-1.4.4.tgz?rbtorrent=a90d5140548fbf164b53211d25e22001769bd218",
      "integrity": "sha512-+uw1inIHVPQoaVuHzRyXd21icM+cnt4CzD5rW+NC1wjOUSTOs+Te7FOv7AhN7vS9x/oIyhLP5PR1H+phQAHu5Q==",
      "dev": true,
      "requires": {
        "once": "^1.4.0"
      }
    },
    "escape-string-regexp": {
      "version": "1.0.5",
      "resolved": "https://npm.yandex-team.ru/escape-string-regexp/-/escape-string-regexp-1.0.5.tgz?rbtorrent=cd81fc9608e36ea0b6aecf2ffa810d04ae989685",
      "integrity": "sha1-G2HAViGQqN/2rjuyzwIAyhMLhtQ=",
      "dev": true
    },
    "fill-range": {
      "version": "7.0.1",
      "resolved": "https://npm.yandex-team.ru/fill-range/-/fill-range-7.0.1.tgz?rbtorrent=90f6f804f0d5e258b4a939fc447b33b7c0dc89ed",
      "integrity": "sha512-qOo9F+dMUmC2Lcb4BbVvnKJxTPjCm+RRpe4gDuGrzkL7mEVl/djYSu2OdQ2Pa302N4oqkSg9ir6jaLWJ2USVpQ==",
      "dev": true,
      "requires": {
        "to-regex-range": "^5.0.1"
      }
    },
    "fs-minipass": {
      "version": "2.1.0",
      "resolved": "https://npm.yandex-team.ru/fs-minipass/-/fs-minipass-2.1.0.tgz?rbtorrent=8d70fff9f6b1413da0b5bdfe4369a1d1b0c1dba9",
      "integrity": "sha512-V/JgOLFCS+R6Vcq0slCuaeWEdNC3ouDlJMNIsacH2VtALiu9mV4LPrHc5cDl8k5aw6J8jwgWWpiTo5RYhmIzvg==",
      "dev": true,
      "requires": {
        "minipass": "^3.0.0"
      }
    },
    "get-stream": {
      "version": "4.1.0",
      "resolved": "https://npm.yandex-team.ru/get-stream/-/get-stream-4.1.0.tgz?rbtorrent=4293d47fae7d996a19218790c18a2cc6c3ab5065",
      "integrity": "sha512-GMat4EJ5161kIy2HevLlr4luNjBgvmj413KaQA7jt4V8B4RDsfpHk7WQ9GVqfYyyx8OS/L66Kox+rJRNklLK7w==",
      "dev": true,
      "requires": {
        "pump": "^3.0.0"
      }
    },
    "got": {
      "version": "9.6.0",
      "resolved": "https://npm.yandex-team.ru/got/-/got-9.6.0.tgz?rbtorrent=95b611425e61850413213efc0481824f3d86a39f",
      "integrity": "sha512-R7eWptXuGYxwijs0eV+v3o6+XH1IqVK8dJOEecQfTmkncw9AV4dcw/Dhxi8MdlqPthxxpZyizMzyg8RTmEsG+Q==",
      "dev": true,
      "requires": {
        "@sindresorhus/is": "^0.14.0",
        "@szmarczak/http-timer": "^1.1.2",
        "cacheable-request": "^6.0.0",
        "decompress-response": "^3.3.0",
        "duplexer3": "^0.1.4",
        "get-stream": "^4.1.0",
        "lowercase-keys": "^1.0.1",
        "mimic-response": "^1.0.1",
        "p-cancelable": "^1.0.0",
        "to-readable-stream": "^1.0.0",
        "url-parse-lax": "^3.0.0"
      }
    },
    "has-flag": {
      "version": "3.0.0",
      "resolved": "https://npm.yandex-team.ru/has-flag/-/has-flag-3.0.0.tgz?rbtorrent=ca7ec6bdf5a36e5aa9d948c64c0f1d8f0b11b442",
      "integrity": "sha1-tdRU3CGZriJWmfNGfloH87lVuv0=",
      "dev": true
    },
    "http-cache-semantics": {
      "version": "4.1.0",
      "resolved": "https://npm.yandex-team.ru/http-cache-semantics/-/http-cache-semantics-4.1.0.tgz?rbtorrent=3d974b0cf7c6a7f6a0171f93ee828c06be44527a",
      "integrity": "sha512-carPklcUh7ROWRK7Cv27RPtdhYhUsela/ue5/jKzjegVvXDqM2ILE9Q2BGn9JZJh1g87cp56su/FgQSzcWS8cQ==",
      "dev": true
    },
    "is-number": {
      "version": "7.0.0",
      "resolved": "https://npm.yandex-team.ru/is-number/-/is-number-7.0.0.tgz?rbtorrent=a36365cac002ce7b5ebe1740bef8809e8e2d89b3",
      "integrity": "sha512-41Cifkg6e8TylSpdtTpeLVMqvSBEVzTttHvERD741+pnZ8ANv0004MRL43QKPDlK9cGvNp6NZWZUBlbGXYxxng==",
      "dev": true
    },
    "json-buffer": {
      "version": "3.0.0",
      "resolved": "https://npm.yandex-team.ru/json-buffer/-/json-buffer-3.0.0.tgz?rbtorrent=2b3d033cf19a915f4a2feaa72c5f3bbfd58dcac5",
      "integrity": "sha1-Wx85evx11ne96Lz8Dkfh+aPZqJg=",
      "dev": true
    },
    "keyv": {
      "version": "3.1.0",
      "resolved": "https://npm.yandex-team.ru/keyv/-/keyv-3.1.0.tgz?rbtorrent=21799ddb2c8181d4e3cb948c4fc8ea1d37870faa",
      "integrity": "sha512-9ykJ/46SN/9KPM/sichzQ7OvXyGDYKGTaDlKMGCAlg2UK8KRy4jb0d8sFc+0Tt0YYnThq8X2RZgCg74RPxgcVA==",
      "dev": true,
      "requires": {
        "json-buffer": "3.0.0"
      }
    },
    "kleur": {
      "version": "3.0.3",
      "resolved": "https://npm.yandex-team.ru/kleur/-/kleur-3.0.3.tgz?rbtorrent=573bb26abbe3b8304bef6b93a76c4bdfda3e41de",
      "integrity": "sha512-eTIzlVOSUR+JxdDFepEYcBMtZ9Qqdef+rnzWdRZuMbOywu5tO2w2N7rqjoANZ5k9vywhL6Br1VRjUIgTQx4E8w==",
      "dev": true
    },
    "lowercase-keys": {
      "version": "1.0.1",
      "resolved": "https://npm.yandex-team.ru/lowercase-keys/-/lowercase-keys-1.0.1.tgz?rbtorrent=869bf76b974bc326bcf9289e97d5c199670bc300",
      "integrity": "sha512-G2Lj61tXDnVFFOi8VZds+SoQjtQC3dgokKdDG2mTm1tx4m50NUHBOZSBwQQHyy0V12A0JTG4icfZQH+xPyh8VA==",
      "dev": true
    },
    "micromatch": {
      "version": "4.0.4",
      "resolved": "https://npm.yandex-team.ru/micromatch/-/micromatch-4.0.4.tgz?rbtorrent=1b6799f07834b2b94e500e891e5cc2ad0596fd01",
      "integrity": "sha512-pRmzw/XUcwXGpD9aI9q/0XOwLNygjETJ8y0ao0wdqprrzDa4YnxLcz7fQRZr8voh8V10kGhABbNcHVk5wHgWwg==",
      "dev": true,
      "requires": {
        "braces": "^3.0.1",
        "picomatch": "^2.2.3"
      }
    },
    "mimic-response": {
      "version": "1.0.1",
      "resolved": "https://npm.yandex-team.ru/mimic-response/-/mimic-response-1.0.1.tgz?rbtorrent=3285ae670362b295e4cc447695fcb6346b87d35e",
      "integrity": "sha512-j5EctnkH7amfV/q5Hgmoal1g2QHFJRraOtmx0JpIqkxhBhI/lJSl1nMpQ45hVarwNETOoWEimndZ4QK0RHxuxQ==",
      "dev": true
    },
    "minipass": {
      "version": "3.1.6",
      "resolved": "https://npm.yandex-team.ru/minipass/-/minipass-3.1.6.tgz?rbtorrent=0c0c4bd8e51f3a134243e5e220669a2dee041dea",
      "integrity": "sha512-rty5kpw9/z8SX9dmxblFA6edItUmwJgMeYDZRrwlIVN27i8gysGbznJwUggw2V/FVqFSDdWy040ZPS811DYAqQ==",
      "dev": true,
      "requires": {
        "yallist": "^4.0.0"
      }
    },
    "minizlib": {
      "version": "2.1.2",
      "resolved": "https://npm.yandex-team.ru/minizlib/-/minizlib-2.1.2.tgz?rbtorrent=fe4289fc5faff8fdc58ff12501182934dea6086c",
      "integrity": "sha512-bAxsR8BVfj60DWXHE3u30oHzfl4G7khkSuPW+qvpd7jFRHm7dLxOjUk1EHACJ/hxLY8phGJ0YhYHZo7jil7Qdg==",
      "dev": true,
      "requires": {
        "minipass": "^3.0.0",
        "yallist": "^4.0.0"
      }
    },
    "mkdirp": {
      "version": "1.0.4",
      "resolved": "https://npm.yandex-team.ru/mkdirp/-/mkdirp-1.0.4.tgz?rbtorrent=0e1e07ef20abf5978b10dfd93976f13197226bd9",
      "integrity": "sha512-vVqVZQyf3WLx2Shd0qJ9xuvqgAyKPLAiqITEtqW0oIUjzo3PePDd6fW9iFz30ef7Ysp/oiWqbhszeGWW2T6Gzw==",
      "dev": true
    },
    "ms": {
      "version": "2.1.2",
      "resolved": "https://npm.yandex-team.ru/ms/-/ms-2.1.2.tgz?rbtorrent=269d2b1e4b633a2572e485adbd93b4085872ffe0",
      "integrity": "sha512-sGkPx+VjMtmA6MX27oA4FBFELFCZZ4S4XqeGOXCv68tT+jb3vk/RyaKWP0PTKyWtmLSM0b+adUTEvbs1PEaH2w==",
      "dev": true
    },
    "nopt": {
      "version": "4.0.3",
      "resolved": "https://npm.yandex-team.ru/nopt/-/nopt-4.0.3.tgz?rbtorrent=b2a30b19465e24e0ec4f6add8bb62f0c8c9c7e3a",
      "integrity": "sha512-CvaGwVMztSMJLOeXPrez7fyfObdZqNUK1cPAEzLHrTybIua9pMdmmPR5YwtfNftIOMv3DPUhFaxsZMNTQO20Kg==",
      "dev": true,
      "requires": {
        "abbrev": "1",
        "osenv": "^0.1.4"
      }
    },
    "normalize-url": {
      "version": "4.5.1",
      "resolved": "https://npm.yandex-team.ru/normalize-url/-/normalize-url-4.5.1.tgz?rbtorrent=6fa675305c68de6966babe6473db96f4e5e0013e",
      "integrity": "sha512-9UZCFRHQdNrfTpGg8+1INIg93B6zE0aXMVFkw1WFwvO4SlZywU6aLg5Of0Ap/PgcbSw4LNxvMWXMeugwMCX0AA==",
      "dev": true
    },
    "once": {
      "version": "1.4.0",
      "resolved": "https://npm.yandex-team.ru/once/-/once-1.4.0.tgz?rbtorrent=631c10ccf90e53addc6a29d4cca37226f2b67537",
      "integrity": "sha1-WDsap3WWHUsROsF9nFC6753Xa9E=",
      "dev": true,
      "requires": {
        "wrappy": "1"
      }
    },
    "os-homedir": {
      "version": "1.0.2",
      "resolved": "https://npm.yandex-team.ru/os-homedir/-/os-homedir-1.0.2.tgz?rbtorrent=f61b69f7f3bf118c8c4aeb0dde59d9db30db7138",
      "integrity": "sha1-/7xJiDNuDoM94MFox+8VISGqf7M=",
      "dev": true
    },
    "os-tmpdir": {
      "version": "1.0.2",
      "resolved": "https://npm.yandex-team.ru/os-tmpdir/-/os-tmpdir-1.0.2.tgz?rbtorrent=6fd087f5efef29ee15a59fd941c664935a1bbca2",
      "integrity": "sha1-u+Z0BseaqFxc/sdm/lc0VV36EnQ=",
      "dev": true
    },
    "osenv": {
      "version": "0.1.5",
      "resolved": "https://npm.yandex-team.ru/osenv/-/osenv-0.1.5.tgz?rbtorrent=659561c828c1b1ce1dc2f214edb469752366105a",
      "integrity": "sha512-0CWcCECdMVc2Rw3U5w9ZjqX6ga6ubk1xDVKxtBQPK7wis/0F2r9T6k4ydGYhecl7YUBxBVxhL5oisPsNxAPe2g==",
      "dev": true,
      "requires": {
        "os-homedir": "^1.0.0",
        "os-tmpdir": "^1.0.0"
      }
    },
    "p-cancelable": {
      "version": "1.1.0",
      "resolved": "https://npm.yandex-team.ru/p-cancelable/-/p-cancelable-1.1.0.tgz?rbtorrent=a6b2514fc5e92d24eafef18d05e225eee095f3dc",
      "integrity": "sha512-s73XxOZ4zpt1edZYZzvhqFa6uvQc1vwUa0K0BdtIZgQMAJj9IbebH+JkgKZc9h+B05PKHLOTl4ajG1BmNrVZlw==",
      "dev": true
    },
    "picomatch": {
      "version": "2.3.1",
      "resolved": "https://npm.yandex-team.ru/picomatch/-/picomatch-2.3.1.tgz?rbtorrent=d64d76aa10430f60181256e008cc2a586e86ed0c",
      "integrity": "sha512-JU3teHTNjmE2VCGFzuY8EXzCDVwEqB2a8fsIvwaStHhAWJEeVd1o1QD80CU6+ZdEXXSLbSsuLwJjkCBWqRQUVA==",
      "dev": true
    },
    "prepend-http": {
      "version": "2.0.0",
      "resolved": "https://npm.yandex-team.ru/prepend-http/-/prepend-http-2.0.0.tgz?rbtorrent=8b17cfe0bd2ee444eefbd99622c22bbe222146ee",
      "integrity": "sha1-6SQ0v6XqjBn0HN/UAddBo8gZ2Jc=",
      "dev": true
    },
    "prompts": {
      "version": "2.4.2",
      "resolved": "https://npm.yandex-team.ru/prompts/-/prompts-2.4.2.tgz?rbtorrent=10aef2b4983f13a97ab5098e5f38a2bf72b7d924",
      "integrity": "sha512-NxNv/kLguCA7p3jE8oL2aEBsrJWgAakBpgmgK6lpPWV+WuOmY6r2/zbAVnP+T8bQlA0nzHXSJSJW0Hq7ylaD2Q==",
      "dev": true,
      "requires": {
        "kleur": "^3.0.3",
        "sisteransi": "^1.0.5"
      }
    },
    "pump": {
      "version": "3.0.0",
      "resolved": "https://npm.yandex-team.ru/pump/-/pump-3.0.0.tgz?rbtorrent=9ecc0c9b98f93709c4ce54ea1dd4b6ff8536e437",
      "integrity": "sha512-LwZy+p3SFs1Pytd/jYct4wpv49HiYCqd9Rlc5ZVdk0V+8Yzv6jR5Blk3TRmPL1ft69TxP0IMZGJ+WPFU2BFhww==",
      "dev": true,
      "requires": {
        "end-of-stream": "^1.1.0",
        "once": "^1.3.1"
      }
    },
    "responselike": {
      "version": "1.0.2",
      "resolved": "https://npm.yandex-team.ru/responselike/-/responselike-1.0.2.tgz?rbtorrent=7c30a0095979f02e7e651c8966357e30cce0487c",
      "integrity": "sha1-kYcg7ztjHFZCvgaPFa3lpG9Loec=",
      "dev": true,
      "requires": {
        "lowercase-keys": "^1.0.0"
      }
    },
    "sisteransi": {
      "version": "1.0.5",
      "resolved": "https://npm.yandex-team.ru/sisteransi/-/sisteransi-1.0.5.tgz?rbtorrent=e8412209181c68a227938bd45102d2fbfc80cf92",
      "integrity": "sha512-bLGGlR1QxBcynn2d5YmDX4MGjlZvy2MRBDRNHLJ8VI6l6+9FUiyTFNJ0IveOSP0bcXgVDPRcfGqA0pjaqUpfVg==",
      "dev": true
    },
    "supports-color": {
      "version": "5.5.0",
      "resolved": "https://npm.yandex-team.ru/supports-color/-/supports-color-5.5.0.tgz?rbtorrent=c2fcb1f2f38bc39eff52ac9bdbb0db30f56ae250",
      "integrity": "sha512-QjVjwdXIt408MIiAqCX4oUKsgU2EqAGzs2Ppkm4aQYbjm+ZEWEcW4SfFNTr4uMNZma0ey4f5lgLrkB0aX0QMow==",
      "dev": true,
      "requires": {
        "has-flag": "^3.0.0"
      }
    },
    "tar": {
      "version": "6.1.11",
      "resolved": "https://npm.yandex-team.ru/tar/-/tar-6.1.11.tgz?rbtorrent=d506e449898427bdd594f49a82aa04f62d7fa1a1",
      "integrity": "sha512-an/KZQzQUkZCkuoAA64hM92X0Urb6VpRhAFllDzz44U2mcD5scmT3zBc4VgVpkugF580+DQn8eAFSyoQt0tznA==",
      "dev": true,
      "requires": {
        "chownr": "^2.0.0",
        "fs-minipass": "^2.0.0",
        "minipass": "^3.0.0",
        "minizlib": "^2.1.1",
        "mkdirp": "^1.0.3",
        "yallist": "^4.0.0"
      }
    },
    "to-readable-stream": {
      "version": "1.0.0",
      "resolved": "https://npm.yandex-team.ru/to-readable-stream/-/to-readable-stream-1.0.0.tgz?rbtorrent=a6b890d474e27f81a595196bb580e7f9728619f4",
      "integrity": "sha512-Iq25XBt6zD5npPhlLVXGFN3/gyR2/qODcKNNyTMd4vbm39HUaOiAM4PMq0eMVC/Tkxz+Zjdsc55g9yyz+Yq00Q==",
      "dev": true
    },
    "to-regex-range": {
      "version": "5.0.1",
      "resolved": "https://npm.yandex-team.ru/to-regex-range/-/to-regex-range-5.0.1.tgz?rbtorrent=9c494e247bd2815d7991a87d6c0fa999f42b3641",
      "integrity": "sha512-65P7iz6X5yEr1cwcgvQxbbIw7Uk3gOy5dIdtZ4rDveLqhrdJP+Li/Hx6tyK0NEb+2GCyneCMJiGqrADCSNk8sQ==",
      "dev": true,
      "requires": {
        "is-number": "^7.0.0"
      }
    },
    "urelease": {
      "version": "2.8.5",
      "resolved": "https://npm.yandex-team.ru/urelease/-/urelease-2.8.5.tgz?rbtorrent=3711cb3c42915c99b42b2a5606b2392c5d72fb15",
      "integrity": "sha512-ndaP4LLRBjQ8mFGHGJs9JVUMRmmr/Or3iqtz7P3yDE7Vcd1h4QhxUls6YXYNoXQiHKQC8VYQSFK1shXC4wydXQ==",
      "dev": true,
      "requires": {
        "chalk": "^2.4.2",
        "debug": "^4.1.1",
        "got": "^9.6.0",
        "micromatch": "^4.0.2",
        "nopt": "^4.0.1",
        "prompts": "^2.2.1",
        "tar": "^6.0.1"
      }
    },
    "url-parse-lax": {
      "version": "3.0.0",
      "resolved": "https://npm.yandex-team.ru/url-parse-lax/-/url-parse-lax-3.0.0.tgz?rbtorrent=a998c71282ec287af67d952b02c4f7b44396e7bd",
      "integrity": "sha1-FrXK/Afb42dsGxmZF3gj1lA6yww=",
      "dev": true,
      "requires": {
        "prepend-http": "^2.0.0"
      }
    },
    "wrappy": {
      "version": "1.0.2",
      "resolved": "https://npm.yandex-team.ru/wrappy/-/wrappy-1.0.2.tgz?rbtorrent=24f631e7a60519be5a0a6d43ff4add05afa3e58f",
      "integrity": "sha1-tSQ9jz7BqjXxNkYFvA0QNuMKtp8=",
      "dev": true
    },
    "yallist": {
      "version": "4.0.0",
      "resolved": "https://npm.yandex-team.ru/yallist/-/yallist-4.0.0.tgz?rbtorrent=ca0ffad79943d0b388e9009deaa7e003cbab93c7",
      "integrity": "sha512-3wdGidZyq5PB084XLES5TpOSRA3wjXAlIWMhum2kRcv/41Sn2emQ0dycQW4uZXLejwKvg6EsvbdlVL+FYEct7A==",
      "dev": true
    }
  }
}
