default: {"waiting_time_in_seconds": 0.2, "attempts_count": 5}
description: Информация о блокировке базы данных на запись в сервисе document_templator.
    [EFFICIENCYDEV-4199]
tags: []
schema:
    type: object
    additionalProperties: false
    required:
      - waiting_time_in_seconds
      - attempts_count
    properties:
        waiting_time_in_seconds:
            type: number
            description: Сколько времени ждать до следующей попытки в секундах
            minimum: 0
        attempts_count:
            type: integer
            minimum: 0
            description: Количество попыток
